
Microsoft Visual Studio Solution File, Format Version 12.00
# Visual Studio 14
VisualStudioVersion = 14.0.24720.0
MinimumVisualStudioVersion = 10.0.40219.1
Project("{FAE04EC0-301F-11D3-BF4B-00C04F79EFBC}") = "TinyLog", "TinyLog\TinyLog.csproj", "{5AC41AB1-48F6-4A19-9205-94ECCB35FEC4}"
EndProject
Project("{FAE04EC0-301F-11D3-BF4B-00C04F79EFBC}") = "TinyLogTests", "TinyLogTests\TinyLogTests.csproj", "{BFCB12E6-38F2-45CF-9903-B2BD98C32024}"
EndProject
Project("{FAE04EC0-301F-11D3-BF4B-00C04F79EFBC}") = "TinyLog.Json", "TinyLog.Json\TinyLog.Json.csproj", "{580464DC-1517-4FE2-B7C8-14A6A1DC5C3B}"
EndProject
Project("{FAE04EC0-301F-11D3-BF4B-00C04F79EFBC}") = "TinyLog.MSMQ", "TinyLog.MSMQ\TinyLog.MSMQ.csproj", "{63D7DC94-D6CC-4FFC-BFCF-D12BE2EA0B77}"
EndProject
Project("{FAE04EC0-301F-11D3-BF4B-00C04F79EFBC}") = "TinyLog.Mvc", "TinyLog.Mvc\TinyLog.Mvc.csproj", "{D1E1717D-D6FC-402F-AF63-7AA16DEF694F}"
EndProject
Project("{2150E333-8FDC-42A3-9474-1A3956D46DE8}") = "nuspec", "nuspec", "{42AD41B6-9814-4EE3-92A1-AFE40AD9806D}"
	ProjectSection(SolutionItems) = preProject
		nuspec\build-nuget-package-core.bat = nuspec\build-nuget-package-core.bat
		nuspec\build-nuget-package-full.bat = nuspec\build-nuget-package-full.bat
		nuspec\nuget.exe = nuspec\nuget.exe
		nuspec\TinyLog-core.nuspec = nuspec\TinyLog-core.nuspec
		nuspec\TinyLog-full.nuspec = nuspec\TinyLog-full.nuspec
	EndProjectSection
EndProject
Project("{FAE04EC0-301F-11D3-BF4B-00C04F79EFBC}") = "TinyLog.Sql", "TinyLog.Sql\TinyLog.Sql.csproj", "{BE0E2983-30B6-4804-8783-C88C1F52A029}"
EndProject
Project("{FAE04EC0-301F-11D3-BF4B-00C04F79EFBC}") = "NugetPackageChecker", "NugetPackageChecker\NugetPackageChecker.csproj", "{4CCB7CAA-24F2-4DBB-9282-9F1211D6C9DF}"
EndProject
Global
	GlobalSection(SolutionConfigurationPlatforms) = preSolution
		Debug|Any CPU = Debug|Any CPU
		Release|Any CPU = Release|Any CPU
	EndGlobalSection
	GlobalSection(ProjectConfigurationPlatforms) = postSolution
		{5AC41AB1-48F6-4A19-9205-94ECCB35FEC4}.Debug|Any CPU.ActiveCfg = Debug|Any CPU
		{5AC41AB1-48F6-4A19-9205-94ECCB35FEC4}.Debug|Any CPU.Build.0 = Debug|Any CPU
		{5AC41AB1-48F6-4A19-9205-94ECCB35FEC4}.Release|Any CPU.ActiveCfg = Release|Any CPU
		{5AC41AB1-48F6-4A19-9205-94ECCB35FEC4}.Release|Any CPU.Build.0 = Release|Any CPU
		{BFCB12E6-38F2-45CF-9903-B2BD98C32024}.Debug|Any CPU.ActiveCfg = Debug|Any CPU
		{BFCB12E6-38F2-45CF-9903-B2BD98C32024}.Debug|Any CPU.Build.0 = Debug|Any CPU
		{BFCB12E6-38F2-45CF-9903-B2BD98C32024}.Release|Any CPU.ActiveCfg = Release|Any CPU
		{BFCB12E6-38F2-45CF-9903-B2BD98C32024}.Release|Any CPU.Build.0 = Release|Any CPU
		{580464DC-1517-4FE2-B7C8-14A6A1DC5C3B}.Debug|Any CPU.ActiveCfg = Debug|Any CPU
		{580464DC-1517-4FE2-B7C8-14A6A1DC5C3B}.Debug|Any CPU.Build.0 = Debug|Any CPU
		{580464DC-1517-4FE2-B7C8-14A6A1DC5C3B}.Release|Any CPU.ActiveCfg = Release|Any CPU
		{580464DC-1517-4FE2-B7C8-14A6A1DC5C3B}.Release|Any CPU.Build.0 = Release|Any CPU
		{63D7DC94-D6CC-4FFC-BFCF-D12BE2EA0B77}.Debug|Any CPU.ActiveCfg = Debug|Any CPU
		{63D7DC94-D6CC-4FFC-BFCF-D12BE2EA0B77}.Debug|Any CPU.Build.0 = Debug|Any CPU
		{63D7DC94-D6CC-4FFC-BFCF-D12BE2EA0B77}.Release|Any CPU.ActiveCfg = Release|Any CPU
		{63D7DC94-D6CC-4FFC-BFCF-D12BE2EA0B77}.Release|Any CPU.Build.0 = Release|Any CPU
		{D1E1717D-D6FC-402F-AF63-7AA16DEF694F}.Debug|Any CPU.ActiveCfg = Debug|Any CPU
		{D1E1717D-D6FC-402F-AF63-7AA16DEF694F}.Debug|Any CPU.Build.0 = Debug|Any CPU
		{D1E1717D-D6FC-402F-AF63-7AA16DEF694F}.Release|Any CPU.ActiveCfg = Release|Any CPU
		{D1E1717D-D6FC-402F-AF63-7AA16DEF694F}.Release|Any CPU.Build.0 = Release|Any CPU
		{BE0E2983-30B6-4804-8783-C88C1F52A029}.Debug|Any CPU.ActiveCfg = Debug|Any CPU
		{BE0E2983-30B6-4804-8783-C88C1F52A029}.Debug|Any CPU.Build.0 = Debug|Any CPU
		{BE0E2983-30B6-4804-8783-C88C1F52A029}.Release|Any CPU.ActiveCfg = Release|Any CPU
		{BE0E2983-30B6-4804-8783-C88C1F52A029}.Release|Any CPU.Build.0 = Release|Any CPU
		{4CCB7CAA-24F2-4DBB-9282-9F1211D6C9DF}.Debug|Any CPU.ActiveCfg = Debug|Any CPU
		{4CCB7CAA-24F2-4DBB-9282-9F1211D6C9DF}.Debug|Any CPU.Build.0 = Debug|Any CPU
		{4CCB7CAA-24F2-4DBB-9282-9F1211D6C9DF}.Release|Any CPU.ActiveCfg = Release|Any CPU
		{4CCB7CAA-24F2-4DBB-9282-9F1211D6C9DF}.Release|Any CPU.Build.0 = Release|Any CPU
	EndGlobalSection
	GlobalSection(SolutionProperties) = preSolution
		HideSolutionNode = FALSE
	EndGlobalSection
EndGlobal
